
Microsoft Visual Studio Solution File, Format Version 11.00
# Visual Studio 2010
Project("{2150E333-8FDC-42A3-9474-1A3956D46DE8}") = "ApplicationHelper", "ApplicationHelper", "{96EA2D8C-9954-4CBA-89FB-258782664D31}"
EndProject
Project("{FAE04EC0-301F-11D3-BF4B-00C04F79EFBC}") = "ChildDataPIN.ApplicationHelper", "ChildDataPin.ApplicationHelper\ChildDataPIN.ApplicationHelper.csproj", "{D3ACE11E-1207-4313-95CF-F3C358016121}"
EndProject
Project("{2150E333-8FDC-42A3-9474-1A3956D46DE8}") = "BLL", "BLL", "{75B0564E-76B5-4A94-9CE6-213701870CD2}"
EndProject
Project("{2150E333-8FDC-42A3-9474-1A3956D46DE8}") = "DAL", "DAL", "{F4BCD917-583B-4B21-B76F-494EE27FC5AE}"
EndProject
Project("{2150E333-8FDC-42A3-9474-1A3956D46DE8}") = "SVC", "SVC", "{7CED5646-C35B-404A-BDA9-8EC956F3DC0F}"
EndProject
Project("{2150E333-8FDC-42A3-9474-1A3956D46DE8}") = "UI", "UI", "{E2ADAD68-08E0-41CD-8882-61E62525E83B}"
EndProject
Project("{FAE04EC0-301F-11D3-BF4B-00C04F79EFBC}") = "ChildDataPIN.DAL.BASE", "ChildDataPIN.DAL.BASE\ChildDataPIN.DAL.BASE.csproj", "{681E7CB9-0EF8-4685-BCCA-63582566F5C3}"
EndProject
Project("{2150E333-8FDC-42A3-9474-1A3956D46DE8}") = "Entities", "Entities", "{B94BD9E4-88A2-40C9-889E-2A729F70281C}"
EndProject
Project("{FAE04EC0-301F-11D3-BF4B-00C04F79EFBC}") = "ChildDataPIN.BLL.Entities.BASE", "ChildDataPIN.BLL.Entities.BASE\ChildDataPIN.BLL.Entities.BASE.csproj", "{752F04FA-A668-42BA-ACCE-2E62B07D14F2}"
EndProject
Project("{2150E333-8FDC-42A3-9474-1A3956D46DE8}") = "Components", "Components", "{5954FA64-598F-43B8-A6D4-C236DF9460F5}"
EndProject
Project("{FAE04EC0-301F-11D3-BF4B-00C04F79EFBC}") = "ChildDataPIN.BLL.Components.BASE", "ChildDataPIN.BLL.Components.BASE\ChildDataPIN.BLL.Components.BASE.csproj", "{67A07AAE-7CA1-47BB-8A98-854A6B70AD16}"
EndProject
Project("{2150E333-8FDC-42A3-9474-1A3956D46DE8}") = "Contracts", "Contracts", "{7A022A7F-4835-48C9-8B5B-F0535DA9A671}"
EndProject
Project("{2150E333-8FDC-42A3-9474-1A3956D46DE8}") = "Services", "Services", "{0CE2BCB6-128E-41E5-AE65-F6A1F8D68818}"
EndProject
Project("{FAE04EC0-301F-11D3-BF4B-00C04F79EFBC}") = "ChildDataPIN.UI", "ChildDataPIN.UI\ChildDataPIN.UI.csproj", "{32E43040-9A72-4D8C-A593-9EDD846237BC}"
EndProject
Project("{FAE04EC0-301F-11D3-BF4B-00C04F79EFBC}") = "ChildDataPIN.Services.BASE", "ChildDataPIN.Services.BASE\ChildDataPIN.Services.BASE.csproj", "{E87EB90C-A275-4D07-88EA-631A421AB95D}"
EndProject
Project("{FAE04EC0-301F-11D3-BF4B-00C04F79EFBC}") = "ChildDataPIN.Services.Contracts.BASE", "ChildDataPIN.Services.Contracts.BASE\ChildDataPIN.Services.Contracts.BASE.csproj", "{4472AD7F-6C22-45A2-853C-47AE94336AB0}"
EndProject
Project("{FAE04EC0-301F-11D3-BF4B-00C04F79EFBC}") = "ChildDataPIN.Web", "ChildDataPIN.Web\ChildDataPIN.Web.csproj", "{B9C7C378-4095-416B-8ADF-02C2084869A7}"
EndProject
Project("{FAE04EC0-301F-11D3-BF4B-00C04F79EFBC}") = "ChildDataPIN.DAL.SEG", "ChildDataPIN.DAL.SEG\ChildDataPIN.DAL.SEG.csproj", "{D0FEF9E3-395F-44C1-A7CB-325A0CB7311D}"
EndProject
Project("{FAE04EC0-301F-11D3-BF4B-00C04F79EFBC}") = "ChildDataPIN.BLL.Entities.SEG", "ChildDataPIN.BLL.Entities.SEG\ChildDataPIN.BLL.Entities.SEG.csproj", "{7B4CEFE4-12FD-4189-92CF-158075B71D9A}"
EndProject
Project("{FAE04EC0-301F-11D3-BF4B-00C04F79EFBC}") = "ChildDataPIN.BLL.Components.SEG", "ChildDataPIN.BLL.Components.SEG\ChildDataPIN.BLL.Components.SEG.csproj", "{1508ED24-BADA-4717-BE65-F81A8E2159EE}"
EndProject
Project("{FAE04EC0-301F-11D3-BF4B-00C04F79EFBC}") = "ChildDataPIN.Services.Contracts.SEG", "ChildDataPIN.Services.Contracts.SEG\ChildDataPIN.Services.Contracts.SEG.csproj", "{4B6BD9C9-B938-4A2E-965B-19FC1039B1A8}"
EndProject
Project("{FAE04EC0-301F-11D3-BF4B-00C04F79EFBC}") = "ChildDataPIN.Services.SEG", "ChildDataPIN.Services.SEG\ChildDataPIN.Services.SEG.csproj", "{D5610D59-CB7C-4BE9-BF63-CF1E655C3846}"
EndProject
Project("{FAE04EC0-301F-11D3-BF4B-00C04F79EFBC}") = "ChildDataPIN.DAL.COM", "ChildDataPIN.DAL.COM\ChildDataPIN.DAL.COM.csproj", "{8E8F46CA-D6D7-4EA4-9930-52360A31063B}"
EndProject
Project("{FAE04EC0-301F-11D3-BF4B-00C04F79EFBC}") = "ChildDataPIN.BLL.Entities.COM", "ChildDataPIN.BLL.Entities.COM\ChildDataPIN.BLL.Entities.COM.csproj", "{44D06D56-72A7-41C3-8158-40C792E8E001}"
EndProject
Project("{FAE04EC0-301F-11D3-BF4B-00C04F79EFBC}") = "ChildDataPIN.BLL.Components.COM", "ChildDataPIN.BLL.Components.COM\ChildDataPIN.BLL.Components.COM.csproj", "{89137E08-B31D-44FE-9E43-6B4F01FDE7A2}"
EndProject
Project("{FAE04EC0-301F-11D3-BF4B-00C04F79EFBC}") = "ChildDataPIN.Services.Contracts.COM", "ChildDataPIN.Services.Contracts.COM\ChildDataPIN.Services.Contracts.COM.csproj", "{D800EFCB-98B8-43B5-8DB1-BD943CBF3B50}"
EndProject
Project("{FAE04EC0-301F-11D3-BF4B-00C04F79EFBC}") = "ChildDataPIN.Services.COM", "ChildDataPIN.Services.COM\ChildDataPIN.Services.COM.csproj", "{F9A5BC6C-0E28-4868-8535-ABBA05B7117B}"
EndProject
Global
	GlobalSection(SolutionConfigurationPlatforms) = preSolution
		Debug|Any CPU = Debug|Any CPU
		Release|Any CPU = Release|Any CPU
	EndGlobalSection
	GlobalSection(ProjectConfigurationPlatforms) = postSolution
		{D3ACE11E-1207-4313-95CF-F3C358016121}.Debug|Any CPU.ActiveCfg = Debug|Any CPU
		{D3ACE11E-1207-4313-95CF-F3C358016121}.Debug|Any CPU.Build.0 = Debug|Any CPU
		{D3ACE11E-1207-4313-95CF-F3C358016121}.Release|Any CPU.ActiveCfg = Release|Any CPU
		{D3ACE11E-1207-4313-95CF-F3C358016121}.Release|Any CPU.Build.0 = Release|Any CPU
		{681E7CB9-0EF8-4685-BCCA-63582566F5C3}.Debug|Any CPU.ActiveCfg = Debug|Any CPU
		{681E7CB9-0EF8-4685-BCCA-63582566F5C3}.Debug|Any CPU.Build.0 = Debug|Any CPU
		{681E7CB9-0EF8-4685-BCCA-63582566F5C3}.Release|Any CPU.ActiveCfg = Release|Any CPU
		{681E7CB9-0EF8-4685-BCCA-63582566F5C3}.Release|Any CPU.Build.0 = Release|Any CPU
		{752F04FA-A668-42BA-ACCE-2E62B07D14F2}.Debug|Any CPU.ActiveCfg = Debug|Any CPU
		{752F04FA-A668-42BA-ACCE-2E62B07D14F2}.Debug|Any CPU.Build.0 = Debug|Any CPU
		{752F04FA-A668-42BA-ACCE-2E62B07D14F2}.Release|Any CPU.ActiveCfg = Release|Any CPU
		{752F04FA-A668-42BA-ACCE-2E62B07D14F2}.Release|Any CPU.Build.0 = Release|Any CPU
		{67A07AAE-7CA1-47BB-8A98-854A6B70AD16}.Debug|Any CPU.ActiveCfg = Debug|Any CPU
		{67A07AAE-7CA1-47BB-8A98-854A6B70AD16}.Debug|Any CPU.Build.0 = Debug|Any CPU
		{67A07AAE-7CA1-47BB-8A98-854A6B70AD16}.Release|Any CPU.ActiveCfg = Release|Any CPU
		{67A07AAE-7CA1-47BB-8A98-854A6B70AD16}.Release|Any CPU.Build.0 = Release|Any CPU
		{32E43040-9A72-4D8C-A593-9EDD846237BC}.Debug|Any CPU.ActiveCfg = Debug|Any CPU
		{32E43040-9A72-4D8C-A593-9EDD846237BC}.Debug|Any CPU.Build.0 = Debug|Any CPU
		{32E43040-9A72-4D8C-A593-9EDD846237BC}.Release|Any CPU.ActiveCfg = Release|Any CPU
		{32E43040-9A72-4D8C-A593-9EDD846237BC}.Release|Any CPU.Build.0 = Release|Any CPU
		{E87EB90C-A275-4D07-88EA-631A421AB95D}.Debug|Any CPU.ActiveCfg = Debug|Any CPU
		{E87EB90C-A275-4D07-88EA-631A421AB95D}.Debug|Any CPU.Build.0 = Debug|Any CPU
		{E87EB90C-A275-4D07-88EA-631A421AB95D}.Release|Any CPU.ActiveCfg = Release|Any CPU
		{E87EB90C-A275-4D07-88EA-631A421AB95D}.Release|Any CPU.Build.0 = Release|Any CPU
		{4472AD7F-6C22-45A2-853C-47AE94336AB0}.Debug|Any CPU.ActiveCfg = Debug|Any CPU
		{4472AD7F-6C22-45A2-853C-47AE94336AB0}.Debug|Any CPU.Build.0 = Debug|Any CPU
		{4472AD7F-6C22-45A2-853C-47AE94336AB0}.Release|Any CPU.ActiveCfg = Release|Any CPU
		{4472AD7F-6C22-45A2-853C-47AE94336AB0}.Release|Any CPU.Build.0 = Release|Any CPU
		{B9C7C378-4095-416B-8ADF-02C2084869A7}.Debug|Any CPU.ActiveCfg = Debug|Any CPU
		{B9C7C378-4095-416B-8ADF-02C2084869A7}.Debug|Any CPU.Build.0 = Debug|Any CPU
		{B9C7C378-4095-416B-8ADF-02C2084869A7}.Release|Any CPU.ActiveCfg = Release|Any CPU
		{B9C7C378-4095-416B-8ADF-02C2084869A7}.Release|Any CPU.Build.0 = Release|Any CPU
		{D0FEF9E3-395F-44C1-A7CB-325A0CB7311D}.Debug|Any CPU.ActiveCfg = Debug|Any CPU
		{D0FEF9E3-395F-44C1-A7CB-325A0CB7311D}.Debug|Any CPU.Build.0 = Debug|Any CPU
		{D0FEF9E3-395F-44C1-A7CB-325A0CB7311D}.Release|Any CPU.ActiveCfg = Release|Any CPU
		{D0FEF9E3-395F-44C1-A7CB-325A0CB7311D}.Release|Any CPU.Build.0 = Release|Any CPU
		{7B4CEFE4-12FD-4189-92CF-158075B71D9A}.Debug|Any CPU.ActiveCfg = Debug|Any CPU
		{7B4CEFE4-12FD-4189-92CF-158075B71D9A}.Debug|Any CPU.Build.0 = Debug|Any CPU
		{7B4CEFE4-12FD-4189-92CF-158075B71D9A}.Release|Any CPU.ActiveCfg = Release|Any CPU
		{7B4CEFE4-12FD-4189-92CF-158075B71D9A}.Release|Any CPU.Build.0 = Release|Any CPU
		{1508ED24-BADA-4717-BE65-F81A8E2159EE}.Debug|Any CPU.ActiveCfg = Debug|Any CPU
		{1508ED24-BADA-4717-BE65-F81A8E2159EE}.Debug|Any CPU.Build.0 = Debug|Any CPU
		{1508ED24-BADA-4717-BE65-F81A8E2159EE}.Release|Any CPU.ActiveCfg = Release|Any CPU
		{1508ED24-BADA-4717-BE65-F81A8E2159EE}.Release|Any CPU.Build.0 = Release|Any CPU
		{4B6BD9C9-B938-4A2E-965B-19FC1039B1A8}.Debug|Any CPU.ActiveCfg = Debug|Any CPU
		{4B6BD9C9-B938-4A2E-965B-19FC1039B1A8}.Debug|Any CPU.Build.0 = Debug|Any CPU
		{4B6BD9C9-B938-4A2E-965B-19FC1039B1A8}.Release|Any CPU.ActiveCfg = Release|Any CPU
		{4B6BD9C9-B938-4A2E-965B-19FC1039B1A8}.Release|Any CPU.Build.0 = Release|Any CPU
		{D5610D59-CB7C-4BE9-BF63-CF1E655C3846}.Debug|Any CPU.ActiveCfg = Debug|Any CPU
		{D5610D59-CB7C-4BE9-BF63-CF1E655C3846}.Debug|Any CPU.Build.0 = Debug|Any CPU
		{D5610D59-CB7C-4BE9-BF63-CF1E655C3846}.Release|Any CPU.ActiveCfg = Release|Any CPU
		{D5610D59-CB7C-4BE9-BF63-CF1E655C3846}.Release|Any CPU.Build.0 = Release|Any CPU
		{8E8F46CA-D6D7-4EA4-9930-52360A31063B}.Debug|Any CPU.ActiveCfg = Debug|Any CPU
		{8E8F46CA-D6D7-4EA4-9930-52360A31063B}.Debug|Any CPU.Build.0 = Debug|Any CPU
		{8E8F46CA-D6D7-4EA4-9930-52360A31063B}.Release|Any CPU.ActiveCfg = Release|Any CPU
		{8E8F46CA-D6D7-4EA4-9930-52360A31063B}.Release|Any CPU.Build.0 = Release|Any CPU
		{44D06D56-72A7-41C3-8158-40C792E8E001}.Debug|Any CPU.ActiveCfg = Debug|Any CPU
		{44D06D56-72A7-41C3-8158-40C792E8E001}.Debug|Any CPU.Build.0 = Debug|Any CPU
		{44D06D56-72A7-41C3-8158-40C792E8E001}.Release|Any CPU.ActiveCfg = Release|Any CPU
		{44D06D56-72A7-41C3-8158-40C792E8E001}.Release|Any CPU.Build.0 = Release|Any CPU
		{89137E08-B31D-44FE-9E43-6B4F01FDE7A2}.Debug|Any CPU.ActiveCfg = Debug|Any CPU
		{89137E08-B31D-44FE-9E43-6B4F01FDE7A2}.Debug|Any CPU.Build.0 = Debug|Any CPU
		{89137E08-B31D-44FE-9E43-6B4F01FDE7A2}.Release|Any CPU.ActiveCfg = Release|Any CPU
		{89137E08-B31D-44FE-9E43-6B4F01FDE7A2}.Release|Any CPU.Build.0 = Release|Any CPU
		{D800EFCB-98B8-43B5-8DB1-BD943CBF3B50}.Debug|Any CPU.ActiveCfg = Debug|Any CPU
		{D800EFCB-98B8-43B5-8DB1-BD943CBF3B50}.Debug|Any CPU.Build.0 = Debug|Any CPU
		{D800EFCB-98B8-43B5-8DB1-BD943CBF3B50}.Release|Any CPU.ActiveCfg = Release|Any CPU
		{D800EFCB-98B8-43B5-8DB1-BD943CBF3B50}.Release|Any CPU.Build.0 = Release|Any CPU
		{F9A5BC6C-0E28-4868-8535-ABBA05B7117B}.Debug|Any CPU.ActiveCfg = Debug|Any CPU
		{F9A5BC6C-0E28-4868-8535-ABBA05B7117B}.Debug|Any CPU.Build.0 = Debug|Any CPU
		{F9A5BC6C-0E28-4868-8535-ABBA05B7117B}.Release|Any CPU.ActiveCfg = Release|Any CPU
		{F9A5BC6C-0E28-4868-8535-ABBA05B7117B}.Release|Any CPU.Build.0 = Release|Any CPU
	EndGlobalSection
	GlobalSection(SolutionProperties) = preSolution
		HideSolutionNode = FALSE
	EndGlobalSection
	GlobalSection(NestedProjects) = preSolution
		{D3ACE11E-1207-4313-95CF-F3C358016121} = {96EA2D8C-9954-4CBA-89FB-258782664D31}
		{B94BD9E4-88A2-40C9-889E-2A729F70281C} = {75B0564E-76B5-4A94-9CE6-213701870CD2}
		{5954FA64-598F-43B8-A6D4-C236DF9460F5} = {75B0564E-76B5-4A94-9CE6-213701870CD2}
		{681E7CB9-0EF8-4685-BCCA-63582566F5C3} = {F4BCD917-583B-4B21-B76F-494EE27FC5AE}
		{D0FEF9E3-395F-44C1-A7CB-325A0CB7311D} = {F4BCD917-583B-4B21-B76F-494EE27FC5AE}
		{8E8F46CA-D6D7-4EA4-9930-52360A31063B} = {F4BCD917-583B-4B21-B76F-494EE27FC5AE}
		{7A022A7F-4835-48C9-8B5B-F0535DA9A671} = {7CED5646-C35B-404A-BDA9-8EC956F3DC0F}
		{0CE2BCB6-128E-41E5-AE65-F6A1F8D68818} = {7CED5646-C35B-404A-BDA9-8EC956F3DC0F}
		{32E43040-9A72-4D8C-A593-9EDD846237BC} = {E2ADAD68-08E0-41CD-8882-61E62525E83B}
		{B9C7C378-4095-416B-8ADF-02C2084869A7} = {E2ADAD68-08E0-41CD-8882-61E62525E83B}
		{752F04FA-A668-42BA-ACCE-2E62B07D14F2} = {B94BD9E4-88A2-40C9-889E-2A729F70281C}
		{7B4CEFE4-12FD-4189-92CF-158075B71D9A} = {B94BD9E4-88A2-40C9-889E-2A729F70281C}
		{44D06D56-72A7-41C3-8158-40C792E8E001} = {B94BD9E4-88A2-40C9-889E-2A729F70281C}
		{67A07AAE-7CA1-47BB-8A98-854A6B70AD16} = {5954FA64-598F-43B8-A6D4-C236DF9460F5}
		{1508ED24-BADA-4717-BE65-F81A8E2159EE} = {5954FA64-598F-43B8-A6D4-C236DF9460F5}
		{89137E08-B31D-44FE-9E43-6B4F01FDE7A2} = {5954FA64-598F-43B8-A6D4-C236DF9460F5}
		{4472AD7F-6C22-45A2-853C-47AE94336AB0} = {7A022A7F-4835-48C9-8B5B-F0535DA9A671}
		{4B6BD9C9-B938-4A2E-965B-19FC1039B1A8} = {7A022A7F-4835-48C9-8B5B-F0535DA9A671}
		{D800EFCB-98B8-43B5-8DB1-BD943CBF3B50} = {7A022A7F-4835-48C9-8B5B-F0535DA9A671}
		{E87EB90C-A275-4D07-88EA-631A421AB95D} = {0CE2BCB6-128E-41E5-AE65-F6A1F8D68818}
		{D5610D59-CB7C-4BE9-BF63-CF1E655C3846} = {0CE2BCB6-128E-41E5-AE65-F6A1F8D68818}
		{F9A5BC6C-0E28-4868-8535-ABBA05B7117B} = {0CE2BCB6-128E-41E5-AE65-F6A1F8D68818}
	EndGlobalSection
EndGlobal
